
Microsoft Visual Studio Solution File, Format Version 12.00
# Visual Studio Version 17
VisualStudioVersion = 17.4.33213.308
MinimumVisualStudioVersion = 10.0.40219.1
Project("{9A19103F-16F7-4668-BE54-9A1E7A4F7556}") = "drdblaze", "drdblaze.csproj", "{9DE88B21-1599-4673-B447-96EA80F867DC}"
EndProject
Global
	GlobalSection(SolutionConfigurationPlatforms) = preSolution
		Debug|Any CPU = Debug|Any CPU
		Release|Any CPU = Release|Any CPU
	EndGlobalSection
	GlobalSection(ProjectConfigurationPlatforms) = postSolution
		{9DE88B21-1599-4673-B447-96EA80F867DC}.Debug|Any CPU.ActiveCfg = Debug|Any CPU
		{9DE88B21-1599-4673-B447-96EA80F867DC}.Debug|Any CPU.Build.0 = Debug|Any CPU
		{9DE88B21-1599-4673-B447-96EA80F867DC}.Release|Any CPU.ActiveCfg = Release|Any CPU
		{9DE88B21-1599-4673-B447-96EA80F867DC}.Release|Any CPU.Build.0 = Release|Any CPU
	EndGlobalSection
	GlobalSection(SolutionProperties) = preSolution
		HideSolutionNode = FALSE
	EndGlobalSection
	GlobalSection(ExtensibilityGlobals) = postSolution
		SolutionGuid = {11E634A8-BA81-482C-A942-81C6A0E2E932}
	EndGlobalSection
EndGlobal
